
Microsoft Visual Studio Solution File, Format Version 11.00
# Visual Studio 2010
Project("{FAE04EC0-301F-11D3-BF4B-00C04F79EFBC}") = "FizzBuzz", "FizzBuzz\FizzBuzz.csproj", "{5F279540-7456-42EE-856F-03DDE9734219}"
EndProject
Project("{FAE04EC0-301F-11D3-BF4B-00C04F79EFBC}") = "FizzBuzz.Tests", "FizzBuzz.Tests\FizzBuzz.Tests.csproj", "{AF885E08-F236-4EF1-9337-CA2CD6EFB6F5}"
EndProject
Global
	GlobalSection(SolutionConfigurationPlatforms) = preSolution
		Debug|Any CPU = Debug|Any CPU
		Release|Any CPU = Release|Any CPU
	EndGlobalSection
	GlobalSection(ProjectConfigurationPlatforms) = postSolution
		{5F279540-7456-42EE-856F-03DDE9734219}.Debug|Any CPU.ActiveCfg = Debug|Any CPU
		{5F279540-7456-42EE-856F-03DDE9734219}.Debug|Any CPU.Build.0 = Debug|Any CPU
		{5F279540-7456-42EE-856F-03DDE9734219}.Release|Any CPU.ActiveCfg = Release|Any CPU
		{5F279540-7456-42EE-856F-03DDE9734219}.Release|Any CPU.Build.0 = Release|Any CPU
		{AF885E08-F236-4EF1-9337-CA2CD6EFB6F5}.Debug|Any CPU.ActiveCfg = Debug|Any CPU
		{AF885E08-F236-4EF1-9337-CA2CD6EFB6F5}.Debug|Any CPU.Build.0 = Debug|Any CPU
		{AF885E08-F236-4EF1-9337-CA2CD6EFB6F5}.Release|Any CPU.ActiveCfg = Release|Any CPU
		{AF885E08-F236-4EF1-9337-CA2CD6EFB6F5}.Release|Any CPU.Build.0 = Release|Any CPU
	EndGlobalSection
	GlobalSection(SolutionProperties) = preSolution
		HideSolutionNode = FALSE
	EndGlobalSection
EndGlobal
